
Microsoft Visual Studio Solution File, Format Version 12.00
# Visual Studio Version 17
VisualStudioVersion = 17.1.32414.318
MinimumVisualStudioVersion = 10.0.40219.1
Project("{9A19103F-16F7-4668-BE54-9A1E7A4F7556}") = "TaxiBoxAPI", "TaxiBoxAPI\TaxiBoxAPI.csproj", "{6532CCC9-E12B-45E7-AB40-B93A3850CA47}"
EndProject
Project("{9A19103F-16F7-4668-BE54-9A1E7A4F7556}") = "TaxiBoxAPI.Models", "TaxiBoxAPI.Models\TaxiBoxAPI.Models.csproj", "{0BA49970-361E-439C-A17B-07F3E05E7B04}"
EndProject
Project("{FAE04EC0-301F-11D3-BF4B-00C04F79EFBC}") = "TaxiBoxAPI.Repositories", "TaxiBoxAPI.Repositories\TaxiBoxAPI.Repositories.csproj", "{348D57B8-E8B1-4292-B8D6-42D6C3B52AF5}"
EndProject
Global
	GlobalSection(SolutionConfigurationPlatforms) = preSolution
		Debug|Any CPU = Debug|Any CPU
		Release|Any CPU = Release|Any CPU
	EndGlobalSection
	GlobalSection(ProjectConfigurationPlatforms) = postSolution
		{6532CCC9-E12B-45E7-AB40-B93A3850CA47}.Debug|Any CPU.ActiveCfg = Debug|Any CPU
		{6532CCC9-E12B-45E7-AB40-B93A3850CA47}.Debug|Any CPU.Build.0 = Debug|Any CPU
		{6532CCC9-E12B-45E7-AB40-B93A3850CA47}.Release|Any CPU.ActiveCfg = Release|Any CPU
		{6532CCC9-E12B-45E7-AB40-B93A3850CA47}.Release|Any CPU.Build.0 = Release|Any CPU
		{0BA49970-361E-439C-A17B-07F3E05E7B04}.Debug|Any CPU.ActiveCfg = Debug|Any CPU
		{0BA49970-361E-439C-A17B-07F3E05E7B04}.Debug|Any CPU.Build.0 = Debug|Any CPU
		{0BA49970-361E-439C-A17B-07F3E05E7B04}.Release|Any CPU.ActiveCfg = Release|Any CPU
		{0BA49970-361E-439C-A17B-07F3E05E7B04}.Release|Any CPU.Build.0 = Release|Any CPU
		{348D57B8-E8B1-4292-B8D6-42D6C3B52AF5}.Debug|Any CPU.ActiveCfg = Debug|Any CPU
		{348D57B8-E8B1-4292-B8D6-42D6C3B52AF5}.Debug|Any CPU.Build.0 = Debug|Any CPU
		{348D57B8-E8B1-4292-B8D6-42D6C3B52AF5}.Release|Any CPU.ActiveCfg = Release|Any CPU
		{348D57B8-E8B1-4292-B8D6-42D6C3B52AF5}.Release|Any CPU.Build.0 = Release|Any CPU
	EndGlobalSection
	GlobalSection(SolutionProperties) = preSolution
		HideSolutionNode = FALSE
	EndGlobalSection
	GlobalSection(ExtensibilityGlobals) = postSolution
		SolutionGuid = {94BBEEE0-9962-413A-BFD4-F5121EF37FD1}
	EndGlobalSection
EndGlobal
